
Microsoft Visual Studio Solution File, Format Version 12.00
# Visual Studio Version 17
VisualStudioVersion = 17.7.34031.279
MinimumVisualStudioVersion = 10.0.40219.1
Project("{9A19103F-16F7-4668-BE54-9A1E7A4F7556}") = "BankAppSoln", "BankAppSoln\BankAppSoln.csproj", "{F1A8D775-40F4-4D59-9F95-057E3DBF8E7F}"
EndProject
Project("{9A19103F-16F7-4668-BE54-9A1E7A4F7556}") = "Bank.Models", "Bank.Models\Bank.Models.csproj", "{0B95213B-C149-4DDE-8002-3399437E9F05}"
EndProject
Project("{9A19103F-16F7-4668-BE54-9A1E7A4F7556}") = "Bank.Data", "Bank.Data\Bank.Data.csproj", "{0A4AB0EB-2143-4024-B2B1-1B3989B55A58}"
EndProject
Project("{9A19103F-16F7-4668-BE54-9A1E7A4F7556}") = "Bank.Logic", "Bank.Logic\Bank.Logic.csproj", "{9956D5A8-465F-4D9D-8501-2EE89181546F}"
EndProject
Project("{FAE04EC0-301F-11D3-BF4B-00C04F79EFBC}") = "Bank.Commons", "Bank.Commons\Bank.Commons.csproj", "{3F9CB625-EAD2-4A62-8483-3471E138A50B}"
EndProject
Global
	GlobalSection(SolutionConfigurationPlatforms) = preSolution
		Debug|Any CPU = Debug|Any CPU
		Release|Any CPU = Release|Any CPU
	EndGlobalSection
	GlobalSection(ProjectConfigurationPlatforms) = postSolution
		{F1A8D775-40F4-4D59-9F95-057E3DBF8E7F}.Debug|Any CPU.ActiveCfg = Debug|Any CPU
		{F1A8D775-40F4-4D59-9F95-057E3DBF8E7F}.Debug|Any CPU.Build.0 = Debug|Any CPU
		{F1A8D775-40F4-4D59-9F95-057E3DBF8E7F}.Release|Any CPU.ActiveCfg = Release|Any CPU
		{F1A8D775-40F4-4D59-9F95-057E3DBF8E7F}.Release|Any CPU.Build.0 = Release|Any CPU
		{0B95213B-C149-4DDE-8002-3399437E9F05}.Debug|Any CPU.ActiveCfg = Debug|Any CPU
		{0B95213B-C149-4DDE-8002-3399437E9F05}.Debug|Any CPU.Build.0 = Debug|Any CPU
		{0B95213B-C149-4DDE-8002-3399437E9F05}.Release|Any CPU.ActiveCfg = Release|Any CPU
		{0B95213B-C149-4DDE-8002-3399437E9F05}.Release|Any CPU.Build.0 = Release|Any CPU
		{0A4AB0EB-2143-4024-B2B1-1B3989B55A58}.Debug|Any CPU.ActiveCfg = Debug|Any CPU
		{0A4AB0EB-2143-4024-B2B1-1B3989B55A58}.Debug|Any CPU.Build.0 = Debug|Any CPU
		{0A4AB0EB-2143-4024-B2B1-1B3989B55A58}.Release|Any CPU.ActiveCfg = Release|Any CPU
		{0A4AB0EB-2143-4024-B2B1-1B3989B55A58}.Release|Any CPU.Build.0 = Release|Any CPU
		{9956D5A8-465F-4D9D-8501-2EE89181546F}.Debug|Any CPU.ActiveCfg = Debug|Any CPU
		{9956D5A8-465F-4D9D-8501-2EE89181546F}.Debug|Any CPU.Build.0 = Debug|Any CPU
		{9956D5A8-465F-4D9D-8501-2EE89181546F}.Release|Any CPU.ActiveCfg = Release|Any CPU
		{9956D5A8-465F-4D9D-8501-2EE89181546F}.Release|Any CPU.Build.0 = Release|Any CPU
		{3F9CB625-EAD2-4A62-8483-3471E138A50B}.Debug|Any CPU.ActiveCfg = Debug|Any CPU
		{3F9CB625-EAD2-4A62-8483-3471E138A50B}.Debug|Any CPU.Build.0 = Debug|Any CPU
		{3F9CB625-EAD2-4A62-8483-3471E138A50B}.Release|Any CPU.ActiveCfg = Release|Any CPU
		{3F9CB625-EAD2-4A62-8483-3471E138A50B}.Release|Any CPU.Build.0 = Release|Any CPU
	EndGlobalSection
	GlobalSection(SolutionProperties) = preSolution
		HideSolutionNode = FALSE
	EndGlobalSection
	GlobalSection(ExtensibilityGlobals) = postSolution
		SolutionGuid = {DA5D7FCB-CABB-4006-8E3A-4B912E679AF0}
	EndGlobalSection
EndGlobal
